
Microsoft Visual Studio Solution File, Format Version 12.00
# Visual Studio 14
VisualStudioVersion = 14.0.25420.1
MinimumVisualStudioVersion = 10.0.40219.1
Project("{FAE04EC0-301F-11D3-BF4B-00C04F79EFBC}") = "BetKeeper", "BetKeeper\BetKeeper.csproj", "{96707D95-157B-4E15-87AC-EEE58E2C152D}"
EndProject
Project("{FAE04EC0-301F-11D3-BF4B-00C04F79EFBC}") = "Test", "Test\Test.csproj", "{6D048464-8D1D-4DC4-86F2-1B9BEE6EB7C2}"
EndProject
Project("{FAE04EC0-301F-11D3-BF4B-00C04F79EFBC}") = "API", "API\API.csproj", "{8BF8B137-E352-4ADF-9F47-7DEC90C912B1}"
EndProject
Global
	GlobalSection(SolutionConfigurationPlatforms) = preSolution
		Debug|Any CPU = Debug|Any CPU
		Release|Any CPU = Release|Any CPU
	EndGlobalSection
	GlobalSection(ProjectConfigurationPlatforms) = postSolution
		{96707D95-157B-4E15-87AC-EEE58E2C152D}.Debug|Any CPU.ActiveCfg = Debug|Any CPU
		{96707D95-157B-4E15-87AC-EEE58E2C152D}.Debug|Any CPU.Build.0 = Debug|Any CPU
		{96707D95-157B-4E15-87AC-EEE58E2C152D}.Release|Any CPU.ActiveCfg = Release|Any CPU
		{96707D95-157B-4E15-87AC-EEE58E2C152D}.Release|Any CPU.Build.0 = Release|Any CPU
		{6D048464-8D1D-4DC4-86F2-1B9BEE6EB7C2}.Debug|Any CPU.ActiveCfg = Debug|Any CPU
		{6D048464-8D1D-4DC4-86F2-1B9BEE6EB7C2}.Debug|Any CPU.Build.0 = Debug|Any CPU
		{6D048464-8D1D-4DC4-86F2-1B9BEE6EB7C2}.Release|Any CPU.ActiveCfg = Release|Any CPU
		{6D048464-8D1D-4DC4-86F2-1B9BEE6EB7C2}.Release|Any CPU.Build.0 = Release|Any CPU
		{8BF8B137-E352-4ADF-9F47-7DEC90C912B1}.Debug|Any CPU.ActiveCfg = Debug|Any CPU
		{8BF8B137-E352-4ADF-9F47-7DEC90C912B1}.Debug|Any CPU.Build.0 = Debug|Any CPU
		{8BF8B137-E352-4ADF-9F47-7DEC90C912B1}.Release|Any CPU.ActiveCfg = Release|Any CPU
		{8BF8B137-E352-4ADF-9F47-7DEC90C912B1}.Release|Any CPU.Build.0 = Release|Any CPU
	EndGlobalSection
	GlobalSection(SolutionProperties) = preSolution
		HideSolutionNode = FALSE
	EndGlobalSection
EndGlobal
