
Microsoft Visual Studio Solution File, Format Version 12.00
# Visual Studio Version 16
VisualStudioVersion = 16.0.29201.188
MinimumVisualStudioVersion = 10.0.40219.1
Project("{9A19103F-16F7-4668-BE54-9A1E7A4F7556}") = "TestCore", "TestCore\TestCore.csproj", "{7DF3940E-3DDC-49D5-BE2C-A9DDC88EE7A3}"
EndProject
Project("{9A19103F-16F7-4668-BE54-9A1E7A4F7556}") = "BetkeeperCore", "BetkeeperCore\BetkeeperCore.csproj", "{755247B5-E58B-4E49-86A5-FCE5E9A27B67}"
EndProject
Project("{9A19103F-16F7-4668-BE54-9A1E7A4F7556}") = "ApiCore", "ApiCore\ApiCore.csproj", "{F1D58CEE-B8AE-4ED0-AD3B-CF3A83DAEB81}"
EndProject
Project("{00D1A9C2-B5F0-4AF3-8072-F6C62B433612}") = "BetkeeperDb", "BetkeeperDb\BetkeeperDb.sqlproj", "{2389DB8A-CFA8-42B6-91CE-8E23F3D8D71C}"
EndProject
Global
	GlobalSection(SolutionConfigurationPlatforms) = preSolution
		Debug|Any CPU = Debug|Any CPU
		Release|Any CPU = Release|Any CPU
	EndGlobalSection
	GlobalSection(ProjectConfigurationPlatforms) = postSolution
		{7DF3940E-3DDC-49D5-BE2C-A9DDC88EE7A3}.Debug|Any CPU.ActiveCfg = Debug|Any CPU
		{7DF3940E-3DDC-49D5-BE2C-A9DDC88EE7A3}.Debug|Any CPU.Build.0 = Debug|Any CPU
		{7DF3940E-3DDC-49D5-BE2C-A9DDC88EE7A3}.Release|Any CPU.ActiveCfg = Release|Any CPU
		{7DF3940E-3DDC-49D5-BE2C-A9DDC88EE7A3}.Release|Any CPU.Build.0 = Release|Any CPU
		{755247B5-E58B-4E49-86A5-FCE5E9A27B67}.Debug|Any CPU.ActiveCfg = Debug|Any CPU
		{755247B5-E58B-4E49-86A5-FCE5E9A27B67}.Debug|Any CPU.Build.0 = Debug|Any CPU
		{755247B5-E58B-4E49-86A5-FCE5E9A27B67}.Release|Any CPU.ActiveCfg = Release|Any CPU
		{755247B5-E58B-4E49-86A5-FCE5E9A27B67}.Release|Any CPU.Build.0 = Release|Any CPU
		{F1D58CEE-B8AE-4ED0-AD3B-CF3A83DAEB81}.Debug|Any CPU.ActiveCfg = Debug|Any CPU
		{F1D58CEE-B8AE-4ED0-AD3B-CF3A83DAEB81}.Debug|Any CPU.Build.0 = Debug|Any CPU
		{F1D58CEE-B8AE-4ED0-AD3B-CF3A83DAEB81}.Release|Any CPU.ActiveCfg = Release|Any CPU
		{F1D58CEE-B8AE-4ED0-AD3B-CF3A83DAEB81}.Release|Any CPU.Build.0 = Release|Any CPU
		{2389DB8A-CFA8-42B6-91CE-8E23F3D8D71C}.Debug|Any CPU.ActiveCfg = Debug|Any CPU
		{2389DB8A-CFA8-42B6-91CE-8E23F3D8D71C}.Debug|Any CPU.Build.0 = Debug|Any CPU
		{2389DB8A-CFA8-42B6-91CE-8E23F3D8D71C}.Debug|Any CPU.Deploy.0 = Debug|Any CPU
		{2389DB8A-CFA8-42B6-91CE-8E23F3D8D71C}.Release|Any CPU.ActiveCfg = Release|Any CPU
		{2389DB8A-CFA8-42B6-91CE-8E23F3D8D71C}.Release|Any CPU.Build.0 = Release|Any CPU
		{2389DB8A-CFA8-42B6-91CE-8E23F3D8D71C}.Release|Any CPU.Deploy.0 = Release|Any CPU
	EndGlobalSection
	GlobalSection(SolutionProperties) = preSolution
		HideSolutionNode = FALSE
	EndGlobalSection
	GlobalSection(ExtensibilityGlobals) = postSolution
		SolutionGuid = {3CD3D608-AFA7-4DA5-AE32-1487B4529541}
	EndGlobalSection
EndGlobal
