
Microsoft Visual Studio Solution File, Format Version 12.00
# Visual Studio Version 16
VisualStudioVersion = 16.0.29201.188
MinimumVisualStudioVersion = 10.0.40219.1
Project("{9A19103F-16F7-4668-BE54-9A1E7A4F7556}") = "Betkeeper", "Betkeeper\Betkeeper.csproj", "{457C7E86-0D37-4062-96D7-F1E1997FD669}"
EndProject
Project("{FAE04EC0-301F-11D3-BF4B-00C04F79EFBC}") = "Test", "Test\Test.csproj", "{CD09B981-99C1-4D93-9FEB-8577ECA88D24}"
EndProject
Project("{FAE04EC0-301F-11D3-BF4B-00C04F79EFBC}") = "Api", "Api\Api.csproj", "{637306F3-811D-47DC-8B49-2511643431B2}"
EndProject
Project("{9A19103F-16F7-4668-BE54-9A1E7A4F7556}") = "TestCore", "TestCore\TestCore.csproj", "{7DF3940E-3DDC-49D5-BE2C-A9DDC88EE7A3}"
EndProject
Project("{9A19103F-16F7-4668-BE54-9A1E7A4F7556}") = "BetkeeperCore", "BetkeeperCore\BetkeeperCore.csproj", "{755247B5-E58B-4E49-86A5-FCE5E9A27B67}"
EndProject
Project("{FAE04EC0-301F-11D3-BF4B-00C04F79EFBC}") = "ApiCore", "ApiCore\ApiCore.csproj", "{F1D58CEE-B8AE-4ED0-AD3B-CF3A83DAEB81}"
EndProject
Global
	GlobalSection(SolutionConfigurationPlatforms) = preSolution
		Debug|Any CPU = Debug|Any CPU
		Release|Any CPU = Release|Any CPU
	EndGlobalSection
	GlobalSection(ProjectConfigurationPlatforms) = postSolution
		{457C7E86-0D37-4062-96D7-F1E1997FD669}.Debug|Any CPU.ActiveCfg = Debug|Any CPU
		{457C7E86-0D37-4062-96D7-F1E1997FD669}.Debug|Any CPU.Build.0 = Debug|Any CPU
		{457C7E86-0D37-4062-96D7-F1E1997FD669}.Release|Any CPU.ActiveCfg = Release|Any CPU
		{457C7E86-0D37-4062-96D7-F1E1997FD669}.Release|Any CPU.Build.0 = Release|Any CPU
		{CD09B981-99C1-4D93-9FEB-8577ECA88D24}.Debug|Any CPU.ActiveCfg = Debug|Any CPU
		{CD09B981-99C1-4D93-9FEB-8577ECA88D24}.Debug|Any CPU.Build.0 = Debug|Any CPU
		{CD09B981-99C1-4D93-9FEB-8577ECA88D24}.Release|Any CPU.ActiveCfg = Release|Any CPU
		{CD09B981-99C1-4D93-9FEB-8577ECA88D24}.Release|Any CPU.Build.0 = Release|Any CPU
		{637306F3-811D-47DC-8B49-2511643431B2}.Debug|Any CPU.ActiveCfg = Debug|Any CPU
		{637306F3-811D-47DC-8B49-2511643431B2}.Debug|Any CPU.Build.0 = Debug|Any CPU
		{637306F3-811D-47DC-8B49-2511643431B2}.Release|Any CPU.ActiveCfg = Release|Any CPU
		{637306F3-811D-47DC-8B49-2511643431B2}.Release|Any CPU.Build.0 = Release|Any CPU
		{7DF3940E-3DDC-49D5-BE2C-A9DDC88EE7A3}.Debug|Any CPU.ActiveCfg = Debug|Any CPU
		{7DF3940E-3DDC-49D5-BE2C-A9DDC88EE7A3}.Debug|Any CPU.Build.0 = Debug|Any CPU
		{7DF3940E-3DDC-49D5-BE2C-A9DDC88EE7A3}.Release|Any CPU.ActiveCfg = Release|Any CPU
		{7DF3940E-3DDC-49D5-BE2C-A9DDC88EE7A3}.Release|Any CPU.Build.0 = Release|Any CPU
		{755247B5-E58B-4E49-86A5-FCE5E9A27B67}.Debug|Any CPU.ActiveCfg = Debug|Any CPU
		{755247B5-E58B-4E49-86A5-FCE5E9A27B67}.Debug|Any CPU.Build.0 = Debug|Any CPU
		{755247B5-E58B-4E49-86A5-FCE5E9A27B67}.Release|Any CPU.ActiveCfg = Release|Any CPU
		{755247B5-E58B-4E49-86A5-FCE5E9A27B67}.Release|Any CPU.Build.0 = Release|Any CPU
		{F1D58CEE-B8AE-4ED0-AD3B-CF3A83DAEB81}.Debug|Any CPU.ActiveCfg = Debug|Any CPU
		{F1D58CEE-B8AE-4ED0-AD3B-CF3A83DAEB81}.Debug|Any CPU.Build.0 = Debug|Any CPU
		{F1D58CEE-B8AE-4ED0-AD3B-CF3A83DAEB81}.Release|Any CPU.ActiveCfg = Release|Any CPU
		{F1D58CEE-B8AE-4ED0-AD3B-CF3A83DAEB81}.Release|Any CPU.Build.0 = Release|Any CPU
	EndGlobalSection
	GlobalSection(SolutionProperties) = preSolution
		HideSolutionNode = FALSE
	EndGlobalSection
	GlobalSection(ExtensibilityGlobals) = postSolution
		SolutionGuid = {3CD3D608-AFA7-4DA5-AE32-1487B4529541}
	EndGlobalSection
EndGlobal
